
Microsoft Visual Studio Solution File, Format Version 12.00
# Visual Studio Version 16
VisualStudioVersion = 16.0.30717.126
MinimumVisualStudioVersion = 10.0.40219.1
Project("{9A19103F-16F7-4668-BE54-9A1E7A4F7556}") = "HMS.Data", "HMS.Data\HMS.Data.csproj", "{67D072DC-5226-41B2-946D-5F841B6A699C}"
	ProjectSection(ProjectDependencies) = postProject
		{00971800-60BF-4DB8-AC74-25B668FDAF88} = {00971800-60BF-4DB8-AC74-25B668FDAF88}
	EndProjectSection
EndProject
Project("{9A19103F-16F7-4668-BE54-9A1E7A4F7556}") = "HMS.Domain", "HMS.Domain\HMS.Domain.csproj", "{00971800-60BF-4DB8-AC74-25B668FDAF88}"
EndProject
Project("{9A19103F-16F7-4668-BE54-9A1E7A4F7556}") = "HMS.Web", "HMS.Web\HMS.Web.csproj", "{2C0D339C-10F3-413E-B4EB-22B49087D308}"
EndProject
Project("{2150E333-8FDC-42A3-9474-1A3956D46DE8}") = "test", "test", "{00BC2A39-3A21-4F95-96DE-1F02406F4457}"
EndProject
Project("{9A19103F-16F7-4668-BE54-9A1E7A4F7556}") = "HMS.Data.Tests", "HMS.Data.Tests\HMS.Data.Tests.csproj", "{22051F1F-F2EA-4E3B-87F9-37AEE3FC288C}"
EndProject
Project("{9A19103F-16F7-4668-BE54-9A1E7A4F7556}") = "HMS.Domain.Tests", "HMS.Domain.Tests\HMS.Domain.Tests.csproj", "{48155A8D-553E-4AE0-8386-144D8D12FA1A}"
EndProject
Project("{9A19103F-16F7-4668-BE54-9A1E7A4F7556}") = "HMS.Web.Tests", "HMS.Web.Tests\HMS.Web.Tests.csproj", "{C4C7582A-306E-4FDE-9E2F-5F2C92A990F5}"
EndProject
Project("{2150E333-8FDC-42A3-9474-1A3956D46DE8}") = "Solution Items", "Solution Items", "{E023ECFE-4CD0-4255-AAB7-4B5FE47B65DC}"
	ProjectSection(SolutionItems) = preProject
		.gitignore = .gitignore
		readme.md = readme.md
	EndProjectSection
EndProject
Global
	GlobalSection(SolutionConfigurationPlatforms) = preSolution
		Debug|Any CPU = Debug|Any CPU
		Release|Any CPU = Release|Any CPU
	EndGlobalSection
	GlobalSection(ProjectConfigurationPlatforms) = postSolution
		{67D072DC-5226-41B2-946D-5F841B6A699C}.Debug|Any CPU.ActiveCfg = Debug|Any CPU
		{67D072DC-5226-41B2-946D-5F841B6A699C}.Debug|Any CPU.Build.0 = Debug|Any CPU
		{67D072DC-5226-41B2-946D-5F841B6A699C}.Release|Any CPU.ActiveCfg = Release|Any CPU
		{67D072DC-5226-41B2-946D-5F841B6A699C}.Release|Any CPU.Build.0 = Release|Any CPU
		{00971800-60BF-4DB8-AC74-25B668FDAF88}.Debug|Any CPU.ActiveCfg = Debug|Any CPU
		{00971800-60BF-4DB8-AC74-25B668FDAF88}.Debug|Any CPU.Build.0 = Debug|Any CPU
		{00971800-60BF-4DB8-AC74-25B668FDAF88}.Release|Any CPU.ActiveCfg = Release|Any CPU
		{00971800-60BF-4DB8-AC74-25B668FDAF88}.Release|Any CPU.Build.0 = Release|Any CPU
		{2C0D339C-10F3-413E-B4EB-22B49087D308}.Debug|Any CPU.ActiveCfg = Debug|Any CPU
		{2C0D339C-10F3-413E-B4EB-22B49087D308}.Debug|Any CPU.Build.0 = Debug|Any CPU
		{2C0D339C-10F3-413E-B4EB-22B49087D308}.Release|Any CPU.ActiveCfg = Release|Any CPU
		{2C0D339C-10F3-413E-B4EB-22B49087D308}.Release|Any CPU.Build.0 = Release|Any CPU
		{22051F1F-F2EA-4E3B-87F9-37AEE3FC288C}.Debug|Any CPU.ActiveCfg = Debug|Any CPU
		{22051F1F-F2EA-4E3B-87F9-37AEE3FC288C}.Debug|Any CPU.Build.0 = Debug|Any CPU
		{22051F1F-F2EA-4E3B-87F9-37AEE3FC288C}.Release|Any CPU.ActiveCfg = Release|Any CPU
		{22051F1F-F2EA-4E3B-87F9-37AEE3FC288C}.Release|Any CPU.Build.0 = Release|Any CPU
		{48155A8D-553E-4AE0-8386-144D8D12FA1A}.Debug|Any CPU.ActiveCfg = Debug|Any CPU
		{48155A8D-553E-4AE0-8386-144D8D12FA1A}.Debug|Any CPU.Build.0 = Debug|Any CPU
		{48155A8D-553E-4AE0-8386-144D8D12FA1A}.Release|Any CPU.ActiveCfg = Release|Any CPU
		{48155A8D-553E-4AE0-8386-144D8D12FA1A}.Release|Any CPU.Build.0 = Release|Any CPU
		{C4C7582A-306E-4FDE-9E2F-5F2C92A990F5}.Debug|Any CPU.ActiveCfg = Debug|Any CPU
		{C4C7582A-306E-4FDE-9E2F-5F2C92A990F5}.Debug|Any CPU.Build.0 = Debug|Any CPU
		{C4C7582A-306E-4FDE-9E2F-5F2C92A990F5}.Release|Any CPU.ActiveCfg = Release|Any CPU
		{C4C7582A-306E-4FDE-9E2F-5F2C92A990F5}.Release|Any CPU.Build.0 = Release|Any CPU
	EndGlobalSection
	GlobalSection(SolutionProperties) = preSolution
		HideSolutionNode = FALSE
	EndGlobalSection
	GlobalSection(NestedProjects) = preSolution
		{22051F1F-F2EA-4E3B-87F9-37AEE3FC288C} = {00BC2A39-3A21-4F95-96DE-1F02406F4457}
		{48155A8D-553E-4AE0-8386-144D8D12FA1A} = {00BC2A39-3A21-4F95-96DE-1F02406F4457}
		{C4C7582A-306E-4FDE-9E2F-5F2C92A990F5} = {00BC2A39-3A21-4F95-96DE-1F02406F4457}
	EndGlobalSection
	GlobalSection(ExtensibilityGlobals) = postSolution
		SolutionGuid = {3C5691CC-191D-4CF0-B625-5DACC9305E70}
	EndGlobalSection
EndGlobal
